
Microsoft Visual Studio Solution File, Format Version 9.00
# Visual Studio 2005
Project("{FAE04EC0-301F-11D3-BF4B-00C04F79EFBC}") = "HighPerformaceWindowsApp", "HighPerformaceWindowsApp\HighPerformaceWindowsApp.csproj", "{64935A4A-59F6-4500-9BB7-D0B7A3677321}"
EndProject
Project("{F184B08F-C81C-45F6-A57F-5ABD9991F28F}") = "VBHighPerfomaceWindowsApplication", "VBHighPerfomaceWindowsApplication\VBHighPerfomaceWindowsApplication.vbproj", "{360B085E-ACD5-4EC3-9999-9BAB02698A71}"
EndProject
Global
	GlobalSection(SolutionConfigurationPlatforms) = preSolution
		Debug|Any CPU = Debug|Any CPU
		Release|Any CPU = Release|Any CPU
	EndGlobalSection
	GlobalSection(ProjectConfigurationPlatforms) = postSolution
		{64935A4A-59F6-4500-9BB7-D0B7A3677321}.Debug|Any CPU.ActiveCfg = Debug|Any CPU
		{64935A4A-59F6-4500-9BB7-D0B7A3677321}.Debug|Any CPU.Build.0 = Debug|Any CPU
		{64935A4A-59F6-4500-9BB7-D0B7A3677321}.Release|Any CPU.ActiveCfg = Release|Any CPU
		{64935A4A-59F6-4500-9BB7-D0B7A3677321}.Release|Any CPU.Build.0 = Release|Any CPU
		{360B085E-ACD5-4EC3-9999-9BAB02698A71}.Debug|Any CPU.ActiveCfg = Debug|Any CPU
		{360B085E-ACD5-4EC3-9999-9BAB02698A71}.Debug|Any CPU.Build.0 = Debug|Any CPU
		{360B085E-ACD5-4EC3-9999-9BAB02698A71}.Release|Any CPU.ActiveCfg = Release|Any CPU
		{360B085E-ACD5-4EC3-9999-9BAB02698A71}.Release|Any CPU.Build.0 = Release|Any CPU
	EndGlobalSection
	GlobalSection(SolutionProperties) = preSolution
		HideSolutionNode = FALSE
	EndGlobalSection
EndGlobal
