
Microsoft Visual Studio Solution File, Format Version 9.00
# Visual Studio 2005
Project("{FAE04EC0-301F-11D3-BF4B-00C04F79EFBC}") = "ICSharpCode.SharpZipLib", "ICSharpCode.SharpZipLib\ICSharpCode.SharpZipLib.csproj", "{B8779BE6-B1C7-4DB5-8535-DB0200F3117C}"
EndProject
Global
	GlobalSection(SolutionConfigurationPlatforms) = preSolution
		Debug|Any CPU = Debug|Any CPU
		Release|Any CPU = Release|Any CPU
	EndGlobalSection
	GlobalSection(ProjectConfigurationPlatforms) = postSolution
		{B8779BE6-B1C7-4DB5-8535-DB0200F3117C}.Debug|Any CPU.ActiveCfg = Debug|Any CPU
		{B8779BE6-B1C7-4DB5-8535-DB0200F3117C}.Debug|Any CPU.Build.0 = Debug|Any CPU
		{B8779BE6-B1C7-4DB5-8535-DB0200F3117C}.Release|Any CPU.ActiveCfg = Release|Any CPU
		{B8779BE6-B1C7-4DB5-8535-DB0200F3117C}.Release|Any CPU.Build.0 = Release|Any CPU
	EndGlobalSection
	GlobalSection(SolutionProperties) = preSolution
		HideSolutionNode = FALSE
	EndGlobalSection
EndGlobal
